
Microsoft Visual Studio Solution File, Format Version 12.00
# Visual Studio Version 17
VisualStudioVersion = 17.9.34723.18
MinimumVisualStudioVersion = 10.0.40219.1
Project("{9A19103F-16F7-4668-BE54-9A1E7A4F7556}") = "ExcelSatısVerileri", "ExcelSatısVerileri\ExcelSatısVerileri.csproj", "{5D9CCB06-D0A4-46B1-8D65-1F7C7D83B303}"
EndProject
Project("{FAE04EC0-301F-11D3-BF4B-00C04F79EFBC}") = "ExcelSatısVerileriUI", "ExcelSatısVerileriUI\ExcelSatısVerileriUI.csproj", "{AAA1BFF4-DF4B-4857-B0E9-0548725B1618}"
EndProject
Global
	GlobalSection(SolutionConfigurationPlatforms) = preSolution
		Debug|Any CPU = Debug|Any CPU
		Release|Any CPU = Release|Any CPU
	EndGlobalSection
	GlobalSection(ProjectConfigurationPlatforms) = postSolution
		{5D9CCB06-D0A4-46B1-8D65-1F7C7D83B303}.Debug|Any CPU.ActiveCfg = Debug|Any CPU
		{5D9CCB06-D0A4-46B1-8D65-1F7C7D83B303}.Debug|Any CPU.Build.0 = Debug|Any CPU
		{5D9CCB06-D0A4-46B1-8D65-1F7C7D83B303}.Release|Any CPU.ActiveCfg = Release|Any CPU
		{5D9CCB06-D0A4-46B1-8D65-1F7C7D83B303}.Release|Any CPU.Build.0 = Release|Any CPU
		{AAA1BFF4-DF4B-4857-B0E9-0548725B1618}.Debug|Any CPU.ActiveCfg = Debug|Any CPU
		{AAA1BFF4-DF4B-4857-B0E9-0548725B1618}.Debug|Any CPU.Build.0 = Debug|Any CPU
		{AAA1BFF4-DF4B-4857-B0E9-0548725B1618}.Release|Any CPU.ActiveCfg = Release|Any CPU
		{AAA1BFF4-DF4B-4857-B0E9-0548725B1618}.Release|Any CPU.Build.0 = Release|Any CPU
	EndGlobalSection
	GlobalSection(SolutionProperties) = preSolution
		HideSolutionNode = FALSE
	EndGlobalSection
	GlobalSection(ExtensibilityGlobals) = postSolution
		SolutionGuid = {5572C431-CAD3-491F-83D1-65611F16493C}
	EndGlobalSection
EndGlobal
